// !$*UTF8*$!
{
	archiveVersion = 1;
	classes = {
	};
	objectVersion = 50;
	objects = {

/* Begin PBXBuildFile section */
		EB375968222451E20071C44D /* LinkedListTester.cpp in Sources */ = {isa = PBXBuildFile; fileRef = EB375966222451E20071C44D /* LinkedListTester.cpp */; };
		EB5DDE53223FDADB00D8A74C /* GraphTester.cpp in Sources */ = {isa = PBXBuildFile; fileRef = EB5DDE51223FDADB00D8A74C /* GraphTester.cpp */; };
		EB87EBD92209DC4500D11D22 /* Timer.cpp in Sources */ = {isa = PBXBuildFile; fileRef = EB87EBD72209DC4500D11D22 /* Timer.cpp */; };
		EB87EBDC2209E07300D11D22 /* FileController.cpp in Sources */ = {isa = PBXBuildFile; fileRef = EB87EBDA2209E07300D11D22 /* FileController.cpp */; };
		EB87EBE02209E47C00D11D22 /* CrimeData.cpp in Sources */ = {isa = PBXBuildFile; fileRef = EB87EBDF2209E47C00D11D22 /* CrimeData.cpp */; };
		EB87EBE32209E7D300D11D22 /* Music.cpp in Sources */ = {isa = PBXBuildFile; fileRef = EB87EBE22209E7D300D11D22 /* Music.cpp */; };
		EB9DCDC321FF5D7C00446909 /* Runner.cpp in Sources */ = {isa = PBXBuildFile; fileRef = EB9DCDC121FF5D7C00446909 /* Runner.cpp */; };
		EB9DCDC621FF5D8700446909 /* Controller.cpp in Sources */ = {isa = PBXBuildFile; fileRef = EB9DCDC421FF5D8700446909 /* Controller.cpp */; };
		EBF15E2322147E6400C0C377 /* LinearTester.cpp in Sources */ = {isa = PBXBuildFile; fileRef = EBF15E2122147E6400C0C377 /* LinearTester.cpp */; };
/* End PBXBuildFile section */

/* Begin PBXCopyFilesBuildPhase section */
		EB9DCDAF21FF5B5500446909 /* CopyFiles */ = {
			isa = PBXCopyFilesBuildPhase;
			buildActionMask = 2147483647;
			dstPath = /usr/share/man/man1/;
			dstSubfolderSpec = 0;
			files = (
			);
			runOnlyForDeploymentPostprocessing = 1;
		};
/* End PBXCopyFilesBuildPhase section */

/* Begin PBXFileReference section */
		EB14F7C5220C83B200FB13DA /* Array.hpp */ = {isa = PBXFileReference; lastKnownFileType = sourcecode.cpp.h; path = Array.hpp; sourceTree = "<group>"; };
		EB14F7C6220C84E800FB13DA /* List.hpp */ = {isa = PBXFileReference; lastKnownFileType = sourcecode.cpp.h; path = List.hpp; sourceTree = "<group>"; };
		EB14F7C7220C936D00FB13DA /* LinkedList.hpp */ = {isa = PBXFileReference; lastKnownFileType = sourcecode.cpp.h; path = LinkedList.hpp; sourceTree = "<group>"; };
		EB375966222451E20071C44D /* LinkedListTester.cpp */ = {isa = PBXFileReference; lastKnownFileType = sourcecode.cpp.cpp; path = LinkedListTester.cpp; sourceTree = "<group>"; };
		EB375967222451E20071C44D /* LinkedListTester.hpp */ = {isa = PBXFileReference; lastKnownFileType = sourcecode.cpp.h; path = LinkedListTester.hpp; sourceTree = "<group>"; };
		EB5DDE51223FDADB00D8A74C /* GraphTester.cpp */ = {isa = PBXFileReference; lastKnownFileType = sourcecode.cpp.cpp; path = GraphTester.cpp; sourceTree = "<group>"; };
		EB5DDE52223FDADB00D8A74C /* GraphTester.hpp */ = {isa = PBXFileReference; lastKnownFileType = sourcecode.cpp.h; path = GraphTester.hpp; sourceTree = "<group>"; };
		EB634B46221EEF4300883648 /* DoubleNode.hpp */ = {isa = PBXFileReference; lastKnownFileType = sourcecode.cpp.h; path = DoubleNode.hpp; sourceTree = "<group>"; };
		EB634B47221EF80F00883648 /* CircularList.hpp */ = {isa = PBXFileReference; lastKnownFileType = sourcecode.cpp.h; path = CircularList.hpp; sourceTree = "<group>"; };
		EB726F34221C552500C28B9B /* CPPUML1.png */ = {isa = PBXFileReference; lastKnownFileType = image.png; name = CPPUML1.png; path = ../../../../CPPUML1.png; sourceTree = "<group>"; };
		EB87EBD72209DC4500D11D22 /* Timer.cpp */ = {isa = PBXFileReference; lastKnownFileType = sourcecode.cpp.cpp; path = Timer.cpp; sourceTree = "<group>"; };
		EB87EBD82209DC4500D11D22 /* Timer.hpp */ = {isa = PBXFileReference; lastKnownFileType = sourcecode.cpp.h; path = Timer.hpp; sourceTree = "<group>"; };
		EB87EBDA2209E07300D11D22 /* FileController.cpp */ = {isa = PBXFileReference; lastKnownFileType = sourcecode.cpp.cpp; path = FileController.cpp; sourceTree = "<group>"; };
		EB87EBDB2209E07300D11D22 /* FileController.hpp */ = {isa = PBXFileReference; lastKnownFileType = sourcecode.cpp.h; path = FileController.hpp; sourceTree = "<group>"; };
		EB87EBDE2209E47700D11D22 /* CrimeData.hpp */ = {isa = PBXFileReference; lastKnownFileType = sourcecode.cpp.h; path = CrimeData.hpp; sourceTree = "<group>"; };
		EB87EBDF2209E47C00D11D22 /* CrimeData.cpp */ = {isa = PBXFileReference; fileEncoding = 4; lastKnownFileType = sourcecode.cpp.cpp; path = CrimeData.cpp; sourceTree = "<group>"; };
		EB87EBE12209E50600D11D22 /* crime.csv */ = {isa = PBXFileReference; lastKnownFileType = text; path = crime.csv; sourceTree = "<group>"; };
		EB87EBE22209E7D300D11D22 /* Music.cpp */ = {isa = PBXFileReference; fileEncoding = 4; lastKnownFileType = sourcecode.cpp.cpp; path = Music.cpp; sourceTree = "<group>"; };
		EB87EBE42209ECD600D11D22 /* Music.hpp */ = {isa = PBXFileReference; lastKnownFileType = sourcecode.cpp.h; path = Music.hpp; sourceTree = "<group>"; };
		EB87EBE52209ECE400D11D22 /* music.csv */ = {isa = PBXFileReference; lastKnownFileType = text; path = music.csv; sourceTree = "<group>"; };
		EB9DCDB121FF5B5500446909 /* DataStructuresProject */ = {isa = PBXFileReference; explicitFileType = "compiled.mach-o.executable"; includeInIndex = 0; path = DataStructuresProject; sourceTree = BUILT_PRODUCTS_DIR; };
		EB9DCDC121FF5D7C00446909 /* Runner.cpp */ = {isa = PBXFileReference; lastKnownFileType = sourcecode.cpp.cpp; path = Runner.cpp; sourceTree = "<group>"; };
		EB9DCDC421FF5D8700446909 /* Controller.cpp */ = {isa = PBXFileReference; lastKnownFileType = sourcecode.cpp.cpp; path = Controller.cpp; sourceTree = "<group>"; };
		EB9DCDC521FF5D8700446909 /* Controller.hpp */ = {isa = PBXFileReference; lastKnownFileType = sourcecode.cpp.h; path = Controller.hpp; sourceTree = "<group>"; };
		EB9DCDC721FF60D100446909 /* Node.hpp */ = {isa = PBXFileReference; lastKnownFileType = sourcecode.cpp.h; path = Node.hpp; sourceTree = "<group>"; };
		EBA49E952211D65E001CEB21 /* Stack.hpp */ = {isa = PBXFileReference; lastKnownFileType = sourcecode.cpp.h; path = Stack.hpp; sourceTree = "<group>"; };
		EBA49E962211DAAE001CEB21 /* Queue.hpp */ = {isa = PBXFileReference; lastKnownFileType = sourcecode.cpp.h; path = Queue.hpp; sourceTree = "<group>"; };
		EBAD01242201F8AF007FAD80 /* LinearNode.hpp */ = {isa = PBXFileReference; lastKnownFileType = sourcecode.cpp.h; path = LinearNode.hpp; sourceTree = "<group>"; };
		EBAD0126220204F2007FAD80 /* Array.hpp */ = {isa = PBXFileReference; lastKnownFileType = sourcecode.cpp.h; path = Array.hpp; sourceTree = "<group>"; };
		EBB883CF2237F318001E1264 /* Graph.hpp */ = {isa = PBXFileReference; lastKnownFileType = sourcecode.cpp.h; name = Graph.hpp; path = Linear/Graph.hpp; sourceTree = "<group>"; };
		EBF15E2122147E6400C0C377 /* LinearTester.cpp */ = {isa = PBXFileReference; lastKnownFileType = sourcecode.cpp.cpp; path = LinearTester.cpp; sourceTree = "<group>"; };
		EBF15E2222147E6400C0C377 /* LinearTester.hpp */ = {isa = PBXFileReference; lastKnownFileType = sourcecode.cpp.h; path = LinearTester.hpp; sourceTree = "<group>"; };
/* End PBXFileReference section */

/* Begin PBXFrameworksBuildPhase section */
		EB9DCDAE21FF5B5500446909 /* Frameworks */ = {
			isa = PBXFrameworksBuildPhase;
			buildActionMask = 2147483647;
			files = (
			);
			runOnlyForDeploymentPostprocessing = 0;
		};
/* End PBXFrameworksBuildPhase section */

/* Begin PBXGroup section */
		EB87EBD62209DBD000D11D22 /* Tools */ = {
			isa = PBXGroup;
			children = (
				EB87EBD72209DC4500D11D22 /* Timer.cpp */,
				EB87EBD82209DC4500D11D22 /* Timer.hpp */,
			);
			path = Tools;
			sourceTree = "<group>";
		};
		EB87EBDD2209E44900D11D22 /* Data */ = {
			isa = PBXGroup;
			children = (
				EB87EBE22209E7D300D11D22 /* Music.cpp */,
				EB87EBE42209ECD600D11D22 /* Music.hpp */,
				EB87EBE52209ECE400D11D22 /* music.csv */,
				EB87EBDF2209E47C00D11D22 /* CrimeData.cpp */,
				EB87EBDE2209E47700D11D22 /* CrimeData.hpp */,
				EB87EBE12209E50600D11D22 /* crime.csv */,
			);
			path = Data;
			sourceTree = "<group>";
		};
		EB9DCDA821FF5B5400446909 = {
			isa = PBXGroup;
			children = (
				EB9DCDB321FF5B5500446909 /* DataStructuresProject */,
				EB9DCDB221FF5B5500446909 /* Products */,
			);
			sourceTree = "<group>";
		};
		EB9DCDB221FF5B5500446909 /* Products */ = {
			isa = PBXGroup;
			children = (
				EB9DCDB121FF5B5500446909 /* DataStructuresProject */,
			);
			name = Products;
			sourceTree = "<group>";
		};
		EB9DCDB321FF5B5500446909 /* DataStructuresProject */ = {
			isa = PBXGroup;
			children = (
				EBF15E2022147E3A00C0C377 /* Testers */,
				EB9DCDBC21FF5BE300446909 /* Model */,
				EB9DCDBB21FF5BD900446909 /* Controller */,
				EB9DCDBD21FF5BED00446909 /* Diagrams */,
				EB9DCDBE21FF5BF600446909 /* Resources */,
			);
			path = DataStructuresProject;
			sourceTree = "<group>";
		};
		EB9DCDBB21FF5BD900446909 /* Controller */ = {
			isa = PBXGroup;
			children = (
				EB87EBD62209DBD000D11D22 /* Tools */,
				EB9DCDC121FF5D7C00446909 /* Runner.cpp */,
				EB9DCDC421FF5D8700446909 /* Controller.cpp */,
				EB9DCDC521FF5D8700446909 /* Controller.hpp */,
				EB87EBDA2209E07300D11D22 /* FileController.cpp */,
				EB87EBDB2209E07300D11D22 /* FileController.hpp */,
			);
			path = Controller;
			sourceTree = "<group>";
		};
		EB9DCDBC21FF5BE300446909 /* Model */ = {
			isa = PBXGroup;
			children = (
				EBAD0125220204DB007FAD80 /* Structures */,
				EBAD01212201F0B8007FAD80 /* Nodes */,
			);
			path = Model;
			sourceTree = "<group>";
		};
		EB9DCDBD21FF5BED00446909 /* Diagrams */ = {
			isa = PBXGroup;
			children = (
				EB726F34221C552500C28B9B /* CPPUML1.png */,
			);
			path = Diagrams;
			sourceTree = "<group>";
		};
		EB9DCDBE21FF5BF600446909 /* Resources */ = {
			isa = PBXGroup;
			children = (
				EB87EBDD2209E44900D11D22 /* Data */,
			);
			path = Resources;
			sourceTree = "<group>";
		};
		EBAD01212201F0B8007FAD80 /* Nodes */ = {
			isa = PBXGroup;
			children = (
				EB9DCDC721FF60D100446909 /* Node.hpp */,
				EBAD01242201F8AF007FAD80 /* LinearNode.hpp */,
				EB634B46221EEF4300883648 /* DoubleNode.hpp */,
			);
			path = Nodes;
			sourceTree = "<group>";
		};
		EBAD01222201F0D1007FAD80 /* Linear */ = {
			isa = PBXGroup;
			children = (
				EB14F7C7220C936D00FB13DA /* LinkedList.hpp */,
				EB14F7C5220C83B200FB13DA /* Array.hpp */,
				EB14F7C6220C84E800FB13DA /* List.hpp */,
				EBA49E952211D65E001CEB21 /* Stack.hpp */,
				EBA49E962211DAAE001CEB21 /* Queue.hpp */,
				EB634B47221EF80F00883648 /* CircularList.hpp */,
			);
			path = Linear;
			sourceTree = "<group>";
		};
		EBAD0125220204DB007FAD80 /* Structures */ = {
			isa = PBXGroup;
			children = (
				EBAD01222201F0D1007FAD80 /* Linear */,
				EBAD0126220204F2007FAD80 /* Array.hpp */,
				EBB883CF2237F318001E1264 /* Graph.hpp */,
			);
			path = Structures;
			sourceTree = "<group>";
		};
		EBF15E2022147E3A00C0C377 /* Testers */ = {
			isa = PBXGroup;
			children = (
				EBF15E2122147E6400C0C377 /* LinearTester.cpp */,
				EBF15E2222147E6400C0C377 /* LinearTester.hpp */,
				EB375966222451E20071C44D /* LinkedListTester.cpp */,
				EB375967222451E20071C44D /* LinkedListTester.hpp */,
				EB5DDE51223FDADB00D8A74C /* GraphTester.cpp */,
				EB5DDE52223FDADB00D8A74C /* GraphTester.hpp */,
			);
			path = Testers;
			sourceTree = "<group>";
		};
/* End PBXGroup section */

/* Begin PBXNativeTarget section */
		EB9DCDB021FF5B5500446909 /* DataStructuresProject */ = {
			isa = PBXNativeTarget;
			buildConfigurationList = EB9DCDB821FF5B5500446909 /* Build configuration list for PBXNativeTarget "DataStructuresProject" */;
			buildPhases = (
				EB9DCDAD21FF5B5500446909 /* Sources */,
				EB9DCDAE21FF5B5500446909 /* Frameworks */,
				EB9DCDAF21FF5B5500446909 /* CopyFiles */,
			);
			buildRules = (
			);
			dependencies = (
			);
			name = DataStructuresProject;
			productName = DataStructuresProject;
			productReference = EB9DCDB121FF5B5500446909 /* DataStructuresProject */;
			productType = "com.apple.product-type.tool";
		};
/* End PBXNativeTarget section */

/* Begin PBXProject section */
		EB9DCDA921FF5B5400446909 /* Project object */ = {
			isa = PBXProject;
			attributes = {
				LastUpgradeCheck = 1000;
				ORGANIZATIONNAME = CTEC;
				TargetAttributes = {
					EB9DCDB021FF5B5500446909 = {
						CreatedOnToolsVersion = 10.0;
					};
				};
			};
			buildConfigurationList = EB9DCDAC21FF5B5400446909 /* Build configuration list for PBXProject "DataStructuresProject" */;
			compatibilityVersion = "Xcode 9.3";
			developmentRegion = en;
			hasScannedForEncodings = 0;
			knownRegions = (
				en,
			);
			mainGroup = EB9DCDA821FF5B5400446909;
			productRefGroup = EB9DCDB221FF5B5500446909 /* Products */;
			projectDirPath = "";
			projectRoot = "";
			targets = (
				EB9DCDB021FF5B5500446909 /* DataStructuresProject */,
			);
		};
/* End PBXProject section */

/* Begin PBXSourcesBuildPhase section */
		EB9DCDAD21FF5B5500446909 /* Sources */ = {
			isa = PBXSourcesBuildPhase;
			buildActionMask = 2147483647;
			files = (
				EB87EBD92209DC4500D11D22 /* Timer.cpp in Sources */,
				EB87EBE02209E47C00D11D22 /* CrimeData.cpp in Sources */,
				EB9DCDC321FF5D7C00446909 /* Runner.cpp in Sources */,
				EB87EBE32209E7D300D11D22 /* Music.cpp in Sources */,
				EB9DCDC621FF5D8700446909 /* Controller.cpp in Sources */,
				EB5DDE53223FDADB00D8A74C /* GraphTester.cpp in Sources */,
				EB87EBDC2209E07300D11D22 /* FileController.cpp in Sources */,
				EBF15E2322147E6400C0C377 /* LinearTester.cpp in Sources */,
				EB375968222451E20071C44D /* LinkedListTester.cpp in Sources */,
			);
			runOnlyForDeploymentPostprocessing = 0;
		};
/* End PBXSourcesBuildPhase section */

/* Begin XCBuildConfiguration section */
		EB9DCDB621FF5B5500446909 /* Debug */ = {
			isa = XCBuildConfiguration;
			buildSettings = {
				ALWAYS_SEARCH_USER_PATHS = NO;
				CLANG_ANALYZER_NONNULL = YES;
				CLANG_ANALYZER_NUMBER_OBJECT_CONVERSION = YES_AGGRESSIVE;
				CLANG_CXX_LANGUAGE_STANDARD = "gnu++14";
				CLANG_CXX_LIBRARY = "libc++";
				CLANG_ENABLE_MODULES = YES;
				CLANG_ENABLE_OBJC_ARC = YES;
				CLANG_ENABLE_OBJC_WEAK = YES;
				CLANG_WARN_BLOCK_CAPTURE_AUTORELEASING = YES;
				CLANG_WARN_BOOL_CONVERSION = YES;
				CLANG_WARN_COMMA = YES;
				CLANG_WARN_CONSTANT_CONVERSION = YES;
				CLANG_WARN_DEPRECATED_OBJC_IMPLEMENTATIONS = YES;
				CLANG_WARN_DIRECT_OBJC_ISA_USAGE = YES_ERROR;
				CLANG_WARN_DOCUMENTATION_COMMENTS = YES;
				CLANG_WARN_EMPTY_BODY = YES;
				CLANG_WARN_ENUM_CONVERSION = YES;
				CLANG_WARN_INFINITE_RECURSION = YES;
				CLANG_WARN_INT_CONVERSION = YES;
				CLANG_WARN_NON_LITERAL_NULL_CONVERSION = YES;
				CLANG_WARN_OBJC_IMPLICIT_RETAIN_SELF = YES;
				CLANG_WARN_OBJC_LITERAL_CONVERSION = YES;
				CLANG_WARN_OBJC_ROOT_CLASS = YES_ERROR;
				CLANG_WARN_RANGE_LOOP_ANALYSIS = YES;
				CLANG_WARN_STRICT_PROTOTYPES = YES;
				CLANG_WARN_SUSPICIOUS_MOVE = YES;
				CLANG_WARN_UNGUARDED_AVAILABILITY = YES_AGGRESSIVE;
				CLANG_WARN_UNREACHABLE_CODE = YES;
				CLANG_WARN__DUPLICATE_METHOD_MATCH = YES;
				CODE_SIGN_IDENTITY = "-";
				COPY_PHASE_STRIP = NO;
				DEBUG_INFORMATION_FORMAT = dwarf;
				ENABLE_STRICT_OBJC_MSGSEND = YES;
				ENABLE_TESTABILITY = YES;
				GCC_C_LANGUAGE_STANDARD = gnu11;
				GCC_DYNAMIC_NO_PIC = NO;
				GCC_NO_COMMON_BLOCKS = YES;
				GCC_OPTIMIZATION_LEVEL = 0;
				GCC_PREPROCESSOR_DEFINITIONS = (
					"DEBUG=1",
					"$(inherited)",
				);
				GCC_WARN_64_TO_32_BIT_CONVERSION = YES;
				GCC_WARN_ABOUT_RETURN_TYPE = YES_ERROR;
				GCC_WARN_UNDECLARED_SELECTOR = YES;
				GCC_WARN_UNINITIALIZED_AUTOS = YES_AGGRESSIVE;
				GCC_WARN_UNUSED_FUNCTION = YES;
				GCC_WARN_UNUSED_VARIABLE = YES;
				MACOSX_DEPLOYMENT_TARGET = 10.13;
				MTL_ENABLE_DEBUG_INFO = INCLUDE_SOURCE;
				MTL_FAST_MATH = YES;
				ONLY_ACTIVE_ARCH = YES;
				SDKROOT = macosx;
			};
			name = Debug;
		};
		EB9DCDB721FF5B5500446909 /* Release */ = {
			isa = XCBuildConfiguration;
			buildSettings = {
				ALWAYS_SEARCH_USER_PATHS = NO;
				CLANG_ANALYZER_NONNULL = YES;
				CLANG_ANALYZER_NUMBER_OBJECT_CONVERSION = YES_AGGRESSIVE;
				CLANG_CXX_LANGUAGE_STANDARD = "gnu++14";
				CLANG_CXX_LIBRARY = "libc++";
				CLANG_ENABLE_MODULES = YES;
				CLANG_ENABLE_OBJC_ARC = YES;
				CLANG_ENABLE_OBJC_WEAK = YES;
				CLANG_WARN_BLOCK_CAPTURE_AUTORELEASING = YES;
				CLANG_WARN_BOOL_CONVERSION = YES;
				CLANG_WARN_COMMA = YES;
				CLANG_WARN_CONSTANT_CONVERSION = YES;
				CLANG_WARN_DEPRECATED_OBJC_IMPLEMENTATIONS = YES;
				CLANG_WARN_DIRECT_OBJC_ISA_USAGE = YES_ERROR;
				CLANG_WARN_DOCUMENTATION_COMMENTS = YES;
				CLANG_WARN_EMPTY_BODY = YES;
				CLANG_WARN_ENUM_CONVERSION = YES;
				CLANG_WARN_INFINITE_RECURSION = YES;
				CLANG_WARN_INT_CONVERSION = YES;
				CLANG_WARN_NON_LITERAL_NULL_CONVERSION = YES;
				CLANG_WARN_OBJC_IMPLICIT_RETAIN_SELF = YES;
				CLANG_WARN_OBJC_LITERAL_CONVERSION = YES;
				CLANG_WARN_OBJC_ROOT_CLASS = YES_ERROR;
				CLANG_WARN_RANGE_LOOP_ANALYSIS = YES;
				CLANG_WARN_STRICT_PROTOTYPES = YES;
				CLANG_WARN_SUSPICIOUS_MOVE = YES;
				CLANG_WARN_UNGUARDED_AVAILABILITY = YES_AGGRESSIVE;
				CLANG_WARN_UNREACHABLE_CODE = YES;
				CLANG_WARN__DUPLICATE_METHOD_MATCH = YES;
				CODE_SIGN_IDENTITY = "-";
				COPY_PHASE_STRIP = NO;
				DEBUG_INFORMATION_FORMAT = "dwarf-with-dsym";
				ENABLE_NS_ASSERTIONS = NO;
				ENABLE_STRICT_OBJC_MSGSEND = YES;
				GCC_C_LANGUAGE_STANDARD = gnu11;
				GCC_NO_COMMON_BLOCKS = YES;
				GCC_WARN_64_TO_32_BIT_CONVERSION = YES;
				GCC_WARN_ABOUT_RETURN_TYPE = YES_ERROR;
				GCC_WARN_UNDECLARED_SELECTOR = YES;
				GCC_WARN_UNINITIALIZED_AUTOS = YES_AGGRESSIVE;
				GCC_WARN_UNUSED_FUNCTION = YES;
				GCC_WARN_UNUSED_VARIABLE = YES;
				MACOSX_DEPLOYMENT_TARGET = 10.13;
				MTL_ENABLE_DEBUG_INFO = NO;
				MTL_FAST_MATH = YES;
				SDKROOT = macosx;
			};
			name = Release;
		};
		EB9DCDB921FF5B5500446909 /* Debug */ = {
			isa = XCBuildConfiguration;
			buildSettings = {
				CODE_SIGN_STYLE = Automatic;
				PRODUCT_NAME = "$(TARGET_NAME)";
			};
			name = Debug;
		};
		EB9DCDBA21FF5B5500446909 /* Release */ = {
			isa = XCBuildConfiguration;
			buildSettings = {
				CODE_SIGN_STYLE = Automatic;
				PRODUCT_NAME = "$(TARGET_NAME)";
			};
			name = Release;
		};
/* End XCBuildConfiguration section */

/* Begin XCConfigurationList section */
		EB9DCDAC21FF5B5400446909 /* Build configuration list for PBXProject "DataStructuresProject" */ = {
			isa = XCConfigurationList;
			buildConfigurations = (
				EB9DCDB621FF5B5500446909 /* Debug */,
				EB9DCDB721FF5B5500446909 /* Release */,
			);
			defaultConfigurationIsVisible = 0;
			defaultConfigurationName = Release;
		};
		EB9DCDB821FF5B5500446909 /* Build configuration list for PBXNativeTarget "DataStructuresProject" */ = {
			isa = XCConfigurationList;
			buildConfigurations = (
				EB9DCDB921FF5B5500446909 /* Debug */,
				EB9DCDBA21FF5B5500446909 /* Release */,
			);
			defaultConfigurationIsVisible = 0;
			defaultConfigurationName = Release;
		};
/* End XCConfigurationList section */
	};
	rootObject = EB9DCDA921FF5B5400446909 /* Project object */;
}
